
Microsoft Visual Studio Solution File, Format Version 12.00
# Visual Studio Version 17
VisualStudioVersion = 17.0.31903.59
MinimumVisualStudioVersion = 10.0.40219.1
Project("{FAE04EC0-301F-11D3-BF4B-00C04F79EFBC}") = "API", "API\API.csproj", "{06F1C8BA-A212-425F-9853-3FE25CED7461}"
EndProject
Project("{FAE04EC0-301F-11D3-BF4B-00C04F79EFBC}") = "Core", "Core\Core.csproj", "{A30DBD70-246E-4923-ABA1-6818E72268E8}"
EndProject
Project("{FAE04EC0-301F-11D3-BF4B-00C04F79EFBC}") = "Infrastructure", "Infrastructure\Infrastructure.csproj", "{65FAD3F5-1A9F-48B1-A08A-95D5A710D0D6}"
EndProject
Global
	GlobalSection(SolutionConfigurationPlatforms) = preSolution
		Debug|Any CPU = Debug|Any CPU
		Release|Any CPU = Release|Any CPU
	EndGlobalSection
	GlobalSection(SolutionProperties) = preSolution
		HideSolutionNode = FALSE
	EndGlobalSection
	GlobalSection(ProjectConfigurationPlatforms) = postSolution
		{06F1C8BA-A212-425F-9853-3FE25CED7461}.Debug|Any CPU.ActiveCfg = Debug|Any CPU
		{06F1C8BA-A212-425F-9853-3FE25CED7461}.Debug|Any CPU.Build.0 = Debug|Any CPU
		{06F1C8BA-A212-425F-9853-3FE25CED7461}.Release|Any CPU.ActiveCfg = Release|Any CPU
		{06F1C8BA-A212-425F-9853-3FE25CED7461}.Release|Any CPU.Build.0 = Release|Any CPU
		{A30DBD70-246E-4923-ABA1-6818E72268E8}.Debug|Any CPU.ActiveCfg = Debug|Any CPU
		{A30DBD70-246E-4923-ABA1-6818E72268E8}.Debug|Any CPU.Build.0 = Debug|Any CPU
		{A30DBD70-246E-4923-ABA1-6818E72268E8}.Release|Any CPU.ActiveCfg = Release|Any CPU
		{A30DBD70-246E-4923-ABA1-6818E72268E8}.Release|Any CPU.Build.0 = Release|Any CPU
		{65FAD3F5-1A9F-48B1-A08A-95D5A710D0D6}.Debug|Any CPU.ActiveCfg = Debug|Any CPU
		{65FAD3F5-1A9F-48B1-A08A-95D5A710D0D6}.Debug|Any CPU.Build.0 = Debug|Any CPU
		{65FAD3F5-1A9F-48B1-A08A-95D5A710D0D6}.Release|Any CPU.ActiveCfg = Release|Any CPU
		{65FAD3F5-1A9F-48B1-A08A-95D5A710D0D6}.Release|Any CPU.Build.0 = Release|Any CPU
	EndGlobalSection
EndGlobal
